
Microsoft Visual Studio Solution File, Format Version 12.00
# Visual Studio Version 17
VisualStudioVersion = 17.0.31903.59
MinimumVisualStudioVersion = 10.0.40219.1
Project("{FAE04EC0-301F-11D3-BF4B-00C04F79EFBC}") = "Day1", "Day1\Day1.csproj", "{1E0D5C24-CD4D-4000-8353-B4AA215D98B6}"
EndProject
Project("{FAE04EC0-301F-11D3-BF4B-00C04F79EFBC}") = "Day2", "Day2\Day2.csproj", "{280DBE5F-6CC7-4455-8EDD-3A3C54144114}"
EndProject
Project("{2150E333-8FDC-42A3-9474-1A3956D46DE8}") = "OffClassExercises", "OffClassExercises", "{4BCD2613-4253-4A54-BBB5-BE558F7B3417}"
EndProject
Project("{FAE04EC0-301F-11D3-BF4B-00C04F79EFBC}") = "hello", "OffClassExercises\hello\hello.csproj", "{EDB12971-D363-43F8-9A5C-3E0D60C5BE61}"
EndProject
Project("{FAE04EC0-301F-11D3-BF4B-00C04F79EFBC}") = "Number_Game", "OffClassExercises\Number_Game\Number_Game.csproj", "{7E9BAF74-FFD2-44ED-94FB-6F5FA67AE731}"
EndProject
Global
	GlobalSection(SolutionConfigurationPlatforms) = preSolution
		Debug|Any CPU = Debug|Any CPU
		Release|Any CPU = Release|Any CPU
	EndGlobalSection
	GlobalSection(SolutionProperties) = preSolution
		HideSolutionNode = FALSE
	EndGlobalSection
	GlobalSection(ProjectConfigurationPlatforms) = postSolution
		{1E0D5C24-CD4D-4000-8353-B4AA215D98B6}.Debug|Any CPU.ActiveCfg = Debug|Any CPU
		{1E0D5C24-CD4D-4000-8353-B4AA215D98B6}.Debug|Any CPU.Build.0 = Debug|Any CPU
		{1E0D5C24-CD4D-4000-8353-B4AA215D98B6}.Release|Any CPU.ActiveCfg = Release|Any CPU
		{1E0D5C24-CD4D-4000-8353-B4AA215D98B6}.Release|Any CPU.Build.0 = Release|Any CPU
		{F525736A-0C0A-4320-8495-6B90129D30FF}.Debug|Any CPU.ActiveCfg = Debug|Any CPU
		{F525736A-0C0A-4320-8495-6B90129D30FF}.Debug|Any CPU.Build.0 = Debug|Any CPU
		{F525736A-0C0A-4320-8495-6B90129D30FF}.Release|Any CPU.ActiveCfg = Release|Any CPU
		{F525736A-0C0A-4320-8495-6B90129D30FF}.Release|Any CPU.Build.0 = Release|Any CPU
		{280DBE5F-6CC7-4455-8EDD-3A3C54144114}.Debug|Any CPU.ActiveCfg = Debug|Any CPU
		{280DBE5F-6CC7-4455-8EDD-3A3C54144114}.Debug|Any CPU.Build.0 = Debug|Any CPU
		{280DBE5F-6CC7-4455-8EDD-3A3C54144114}.Release|Any CPU.ActiveCfg = Release|Any CPU
		{280DBE5F-6CC7-4455-8EDD-3A3C54144114}.Release|Any CPU.Build.0 = Release|Any CPU
		{EDB12971-D363-43F8-9A5C-3E0D60C5BE61}.Debug|Any CPU.ActiveCfg = Debug|Any CPU
		{EDB12971-D363-43F8-9A5C-3E0D60C5BE61}.Debug|Any CPU.Build.0 = Debug|Any CPU
		{EDB12971-D363-43F8-9A5C-3E0D60C5BE61}.Release|Any CPU.ActiveCfg = Release|Any CPU
		{EDB12971-D363-43F8-9A5C-3E0D60C5BE61}.Release|Any CPU.Build.0 = Release|Any CPU
		{7E9BAF74-FFD2-44ED-94FB-6F5FA67AE731}.Debug|Any CPU.ActiveCfg = Debug|Any CPU
		{7E9BAF74-FFD2-44ED-94FB-6F5FA67AE731}.Debug|Any CPU.Build.0 = Debug|Any CPU
		{7E9BAF74-FFD2-44ED-94FB-6F5FA67AE731}.Release|Any CPU.ActiveCfg = Release|Any CPU
		{7E9BAF74-FFD2-44ED-94FB-6F5FA67AE731}.Release|Any CPU.Build.0 = Release|Any CPU
	EndGlobalSection
	GlobalSection(NestedProjects) = preSolution
		{EDB12971-D363-43F8-9A5C-3E0D60C5BE61} = {4BCD2613-4253-4A54-BBB5-BE558F7B3417}
		{7E9BAF74-FFD2-44ED-94FB-6F5FA67AE731} = {4BCD2613-4253-4A54-BBB5-BE558F7B3417}
	EndGlobalSection
EndGlobal
