
Microsoft Visual Studio Solution File, Format Version 12.00
# Visual Studio Version 17
VisualStudioVersion = 17.0.31903.59
MinimumVisualStudioVersion = 10.0.40219.1
Project("{FAE04EC0-301F-11D3-BF4B-00C04F79EFBC}") = "Enumerator and Operator Overloading", "Enumerator and Operator Overloading\Enumerator and Operator Overloading.csproj", "{89E03B17-AD23-4CCA-87BE-4FFDBB59DB66}"
EndProject
Project("{FAE04EC0-301F-11D3-BF4B-00C04F79EFBC}") = "SquareMatrix", "SquareMatrix\SquareMatrix.csproj", "{D2B534B7-40F6-4E6F-8BB6-09F42ACEB690}"
EndProject
Global
	GlobalSection(SolutionConfigurationPlatforms) = preSolution
		Debug|Any CPU = Debug|Any CPU
		Release|Any CPU = Release|Any CPU
	EndGlobalSection
	GlobalSection(SolutionProperties) = preSolution
		HideSolutionNode = FALSE
	EndGlobalSection
	GlobalSection(ProjectConfigurationPlatforms) = postSolution
		{89E03B17-AD23-4CCA-87BE-4FFDBB59DB66}.Debug|Any CPU.ActiveCfg = Debug|Any CPU
		{89E03B17-AD23-4CCA-87BE-4FFDBB59DB66}.Debug|Any CPU.Build.0 = Debug|Any CPU
		{89E03B17-AD23-4CCA-87BE-4FFDBB59DB66}.Release|Any CPU.ActiveCfg = Release|Any CPU
		{89E03B17-AD23-4CCA-87BE-4FFDBB59DB66}.Release|Any CPU.Build.0 = Release|Any CPU
		{D2B534B7-40F6-4E6F-8BB6-09F42ACEB690}.Debug|Any CPU.ActiveCfg = Debug|Any CPU
		{D2B534B7-40F6-4E6F-8BB6-09F42ACEB690}.Debug|Any CPU.Build.0 = Debug|Any CPU
		{D2B534B7-40F6-4E6F-8BB6-09F42ACEB690}.Release|Any CPU.ActiveCfg = Release|Any CPU
		{D2B534B7-40F6-4E6F-8BB6-09F42ACEB690}.Release|Any CPU.Build.0 = Release|Any CPU
	EndGlobalSection
EndGlobal
