
Microsoft Visual Studio Solution File, Format Version 12.00
# Visual Studio Version 17
VisualStudioVersion = 17.0.31903.59
MinimumVisualStudioVersion = 10.0.40219.1
Project("{2150E333-8FDC-42A3-9474-1A3956D46DE8}") = "ProjectFile", "ProjectFile", "{C5F8DBD6-E03C-419F-98E0-E7DC145F6BC9}"
EndProject
Project("{FAE04EC0-301F-11D3-BF4B-00C04F79EFBC}") = "EncapsulationTraining", "ProjectFile\EncapsulationTraining\EncapsulationTraining.csproj", "{302227D7-3497-41F0-BCBE-36A275AEF875}"
EndProject
Global
	GlobalSection(SolutionConfigurationPlatforms) = preSolution
		Debug|Any CPU = Debug|Any CPU
		Release|Any CPU = Release|Any CPU
	EndGlobalSection
	GlobalSection(SolutionProperties) = preSolution
		HideSolutionNode = FALSE
	EndGlobalSection
	GlobalSection(ProjectConfigurationPlatforms) = postSolution
		{302227D7-3497-41F0-BCBE-36A275AEF875}.Debug|Any CPU.ActiveCfg = Debug|Any CPU
		{302227D7-3497-41F0-BCBE-36A275AEF875}.Debug|Any CPU.Build.0 = Debug|Any CPU
		{302227D7-3497-41F0-BCBE-36A275AEF875}.Release|Any CPU.ActiveCfg = Release|Any CPU
		{302227D7-3497-41F0-BCBE-36A275AEF875}.Release|Any CPU.Build.0 = Release|Any CPU
	EndGlobalSection
	GlobalSection(NestedProjects) = preSolution
		{302227D7-3497-41F0-BCBE-36A275AEF875} = {C5F8DBD6-E03C-419F-98E0-E7DC145F6BC9}
	EndGlobalSection
EndGlobal
