
Microsoft Visual Studio Solution File, Format Version 12.00
# Visual Studio Version 17
VisualStudioVersion = 17.0.31903.59
MinimumVisualStudioVersion = 10.0.40219.1
Project("{2150E333-8FDC-42A3-9474-1A3956D46DE8}") = "GC_1", "GC_1", "{C9D98DAE-AC17-4190-8CED-8E0C55DFDAFD}"
EndProject
Project("{FAE04EC0-301F-11D3-BF4B-00C04F79EFBC}") = "GC_Console_1", "GC_1\GC_Console_1\GC_Console_1.csproj", "{AE72754A-60B5-491C-B627-CBC049A5B2BB}"
EndProject
Project("{2150E333-8FDC-42A3-9474-1A3956D46DE8}") = "GC_Destructor", "GC_Destructor", "{E909D0B7-1DEA-4148-A225-657BCD224021}"
EndProject
Project("{FAE04EC0-301F-11D3-BF4B-00C04F79EFBC}") = "Destructor", "GC_Destructor\Destructor\Destructor.csproj", "{D7F2D0F8-1AFA-49E4-9C24-41178B1979BA}"
EndProject
Project("{2150E333-8FDC-42A3-9474-1A3956D46DE8}") = "GC_Default_Behavior", "GC_Default_Behavior", "{F3B22737-223D-477D-81E8-4567A32C55DF}"
EndProject
Project("{FAE04EC0-301F-11D3-BF4B-00C04F79EFBC}") = "DefaultGC", "GC_Default_Behavior\DefaultGC\DefaultGC.csproj", "{32495E42-7749-411E-9155-3E3CC5341AD4}"
EndProject
Project("{2150E333-8FDC-42A3-9474-1A3956D46DE8}") = "GC_IDisposables", "GC_IDisposables", "{8220EB2D-64B3-43ED-937F-F254ABD57B1C}"
EndProject
Project("{FAE04EC0-301F-11D3-BF4B-00C04F79EFBC}") = "GC_IDisposables", "GC_IDisposables\GC_IDisposables\GC_IDisposables.csproj", "{85A24997-3C47-4379-B46B-2264F7551F0B}"
EndProject
Project("{2150E333-8FDC-42A3-9474-1A3956D46DE8}") = "GC_Manual_Dispose", "GC_Manual_Dispose", "{FE0759CC-A294-47E9-85FC-B627A04C6C5C}"
EndProject
Project("{FAE04EC0-301F-11D3-BF4B-00C04F79EFBC}") = "GC_Manual_Dispose", "GC_Manual_Dispose\GC_Manual_Dispose\GC_Manual_Dispose.csproj", "{D23C7C3D-6530-4915-8404-21585E8879B9}"
EndProject
Project("{2150E333-8FDC-42A3-9474-1A3956D46DE8}") = "GC_Using_Dispose", "GC_Using_Dispose", "{0557FB61-4E09-49B9-9816-1B5A4563CF31}"
EndProject
Project("{FAE04EC0-301F-11D3-BF4B-00C04F79EFBC}") = "GC_Using_Dispose", "GC_Using_Dispose\GC_Using_Dispose\GC_Using_Dispose.csproj", "{930B0089-19CF-425D-B204-EEC1693B3270}"
EndProject
Global
	GlobalSection(SolutionProperties) = preSolution
		HideSolutionNode = FALSE
	EndGlobalSection
	GlobalSection(SolutionConfigurationPlatforms) = preSolution
		Debug|Any CPU = Debug|Any CPU
		Debug|x64 = Debug|x64
		Debug|x86 = Debug|x86
		Release|Any CPU = Release|Any CPU
		Release|x64 = Release|x64
		Release|x86 = Release|x86
	EndGlobalSection
	GlobalSection(ProjectConfigurationPlatforms) = postSolution
		{AE72754A-60B5-491C-B627-CBC049A5B2BB}.Debug|Any CPU.ActiveCfg = Debug|Any CPU
		{AE72754A-60B5-491C-B627-CBC049A5B2BB}.Debug|Any CPU.Build.0 = Debug|Any CPU
		{AE72754A-60B5-491C-B627-CBC049A5B2BB}.Debug|x64.ActiveCfg = Debug|Any CPU
		{AE72754A-60B5-491C-B627-CBC049A5B2BB}.Debug|x64.Build.0 = Debug|Any CPU
		{AE72754A-60B5-491C-B627-CBC049A5B2BB}.Debug|x86.ActiveCfg = Debug|Any CPU
		{AE72754A-60B5-491C-B627-CBC049A5B2BB}.Debug|x86.Build.0 = Debug|Any CPU
		{AE72754A-60B5-491C-B627-CBC049A5B2BB}.Release|Any CPU.ActiveCfg = Release|Any CPU
		{AE72754A-60B5-491C-B627-CBC049A5B2BB}.Release|Any CPU.Build.0 = Release|Any CPU
		{AE72754A-60B5-491C-B627-CBC049A5B2BB}.Release|x64.ActiveCfg = Release|Any CPU
		{AE72754A-60B5-491C-B627-CBC049A5B2BB}.Release|x64.Build.0 = Release|Any CPU
		{AE72754A-60B5-491C-B627-CBC049A5B2BB}.Release|x86.ActiveCfg = Release|Any CPU
		{AE72754A-60B5-491C-B627-CBC049A5B2BB}.Release|x86.Build.0 = Release|Any CPU
		{D7F2D0F8-1AFA-49E4-9C24-41178B1979BA}.Debug|Any CPU.ActiveCfg = Debug|Any CPU
		{D7F2D0F8-1AFA-49E4-9C24-41178B1979BA}.Debug|Any CPU.Build.0 = Debug|Any CPU
		{D7F2D0F8-1AFA-49E4-9C24-41178B1979BA}.Debug|x64.ActiveCfg = Debug|Any CPU
		{D7F2D0F8-1AFA-49E4-9C24-41178B1979BA}.Debug|x64.Build.0 = Debug|Any CPU
		{D7F2D0F8-1AFA-49E4-9C24-41178B1979BA}.Debug|x86.ActiveCfg = Debug|Any CPU
		{D7F2D0F8-1AFA-49E4-9C24-41178B1979BA}.Debug|x86.Build.0 = Debug|Any CPU
		{D7F2D0F8-1AFA-49E4-9C24-41178B1979BA}.Release|Any CPU.ActiveCfg = Release|Any CPU
		{D7F2D0F8-1AFA-49E4-9C24-41178B1979BA}.Release|Any CPU.Build.0 = Release|Any CPU
		{D7F2D0F8-1AFA-49E4-9C24-41178B1979BA}.Release|x64.ActiveCfg = Release|Any CPU
		{D7F2D0F8-1AFA-49E4-9C24-41178B1979BA}.Release|x64.Build.0 = Release|Any CPU
		{D7F2D0F8-1AFA-49E4-9C24-41178B1979BA}.Release|x86.ActiveCfg = Release|Any CPU
		{D7F2D0F8-1AFA-49E4-9C24-41178B1979BA}.Release|x86.Build.0 = Release|Any CPU
		{32495E42-7749-411E-9155-3E3CC5341AD4}.Debug|Any CPU.ActiveCfg = Debug|Any CPU
		{32495E42-7749-411E-9155-3E3CC5341AD4}.Debug|Any CPU.Build.0 = Debug|Any CPU
		{32495E42-7749-411E-9155-3E3CC5341AD4}.Debug|x64.ActiveCfg = Debug|Any CPU
		{32495E42-7749-411E-9155-3E3CC5341AD4}.Debug|x64.Build.0 = Debug|Any CPU
		{32495E42-7749-411E-9155-3E3CC5341AD4}.Debug|x86.ActiveCfg = Debug|Any CPU
		{32495E42-7749-411E-9155-3E3CC5341AD4}.Debug|x86.Build.0 = Debug|Any CPU
		{32495E42-7749-411E-9155-3E3CC5341AD4}.Release|Any CPU.ActiveCfg = Release|Any CPU
		{32495E42-7749-411E-9155-3E3CC5341AD4}.Release|Any CPU.Build.0 = Release|Any CPU
		{32495E42-7749-411E-9155-3E3CC5341AD4}.Release|x64.ActiveCfg = Release|Any CPU
		{32495E42-7749-411E-9155-3E3CC5341AD4}.Release|x64.Build.0 = Release|Any CPU
		{32495E42-7749-411E-9155-3E3CC5341AD4}.Release|x86.ActiveCfg = Release|Any CPU
		{32495E42-7749-411E-9155-3E3CC5341AD4}.Release|x86.Build.0 = Release|Any CPU
		{85A24997-3C47-4379-B46B-2264F7551F0B}.Debug|Any CPU.ActiveCfg = Debug|Any CPU
		{85A24997-3C47-4379-B46B-2264F7551F0B}.Debug|Any CPU.Build.0 = Debug|Any CPU
		{85A24997-3C47-4379-B46B-2264F7551F0B}.Debug|x64.ActiveCfg = Debug|Any CPU
		{85A24997-3C47-4379-B46B-2264F7551F0B}.Debug|x64.Build.0 = Debug|Any CPU
		{85A24997-3C47-4379-B46B-2264F7551F0B}.Debug|x86.ActiveCfg = Debug|Any CPU
		{85A24997-3C47-4379-B46B-2264F7551F0B}.Debug|x86.Build.0 = Debug|Any CPU
		{85A24997-3C47-4379-B46B-2264F7551F0B}.Release|Any CPU.ActiveCfg = Release|Any CPU
		{85A24997-3C47-4379-B46B-2264F7551F0B}.Release|Any CPU.Build.0 = Release|Any CPU
		{85A24997-3C47-4379-B46B-2264F7551F0B}.Release|x64.ActiveCfg = Release|Any CPU
		{85A24997-3C47-4379-B46B-2264F7551F0B}.Release|x64.Build.0 = Release|Any CPU
		{85A24997-3C47-4379-B46B-2264F7551F0B}.Release|x86.ActiveCfg = Release|Any CPU
		{85A24997-3C47-4379-B46B-2264F7551F0B}.Release|x86.Build.0 = Release|Any CPU
		{D23C7C3D-6530-4915-8404-21585E8879B9}.Debug|Any CPU.ActiveCfg = Debug|Any CPU
		{D23C7C3D-6530-4915-8404-21585E8879B9}.Debug|Any CPU.Build.0 = Debug|Any CPU
		{D23C7C3D-6530-4915-8404-21585E8879B9}.Debug|x64.ActiveCfg = Debug|Any CPU
		{D23C7C3D-6530-4915-8404-21585E8879B9}.Debug|x64.Build.0 = Debug|Any CPU
		{D23C7C3D-6530-4915-8404-21585E8879B9}.Debug|x86.ActiveCfg = Debug|Any CPU
		{D23C7C3D-6530-4915-8404-21585E8879B9}.Debug|x86.Build.0 = Debug|Any CPU
		{D23C7C3D-6530-4915-8404-21585E8879B9}.Release|Any CPU.ActiveCfg = Release|Any CPU
		{D23C7C3D-6530-4915-8404-21585E8879B9}.Release|Any CPU.Build.0 = Release|Any CPU
		{D23C7C3D-6530-4915-8404-21585E8879B9}.Release|x64.ActiveCfg = Release|Any CPU
		{D23C7C3D-6530-4915-8404-21585E8879B9}.Release|x64.Build.0 = Release|Any CPU
		{D23C7C3D-6530-4915-8404-21585E8879B9}.Release|x86.ActiveCfg = Release|Any CPU
		{D23C7C3D-6530-4915-8404-21585E8879B9}.Release|x86.Build.0 = Release|Any CPU
		{930B0089-19CF-425D-B204-EEC1693B3270}.Debug|Any CPU.ActiveCfg = Debug|Any CPU
		{930B0089-19CF-425D-B204-EEC1693B3270}.Debug|Any CPU.Build.0 = Debug|Any CPU
		{930B0089-19CF-425D-B204-EEC1693B3270}.Debug|x64.ActiveCfg = Debug|Any CPU
		{930B0089-19CF-425D-B204-EEC1693B3270}.Debug|x64.Build.0 = Debug|Any CPU
		{930B0089-19CF-425D-B204-EEC1693B3270}.Debug|x86.ActiveCfg = Debug|Any CPU
		{930B0089-19CF-425D-B204-EEC1693B3270}.Debug|x86.Build.0 = Debug|Any CPU
		{930B0089-19CF-425D-B204-EEC1693B3270}.Release|Any CPU.ActiveCfg = Release|Any CPU
		{930B0089-19CF-425D-B204-EEC1693B3270}.Release|Any CPU.Build.0 = Release|Any CPU
		{930B0089-19CF-425D-B204-EEC1693B3270}.Release|x64.ActiveCfg = Release|Any CPU
		{930B0089-19CF-425D-B204-EEC1693B3270}.Release|x64.Build.0 = Release|Any CPU
		{930B0089-19CF-425D-B204-EEC1693B3270}.Release|x86.ActiveCfg = Release|Any CPU
		{930B0089-19CF-425D-B204-EEC1693B3270}.Release|x86.Build.0 = Release|Any CPU
	EndGlobalSection
	GlobalSection(NestedProjects) = preSolution
		{AE72754A-60B5-491C-B627-CBC049A5B2BB} = {C9D98DAE-AC17-4190-8CED-8E0C55DFDAFD}
		{D7F2D0F8-1AFA-49E4-9C24-41178B1979BA} = {E909D0B7-1DEA-4148-A225-657BCD224021}
		{32495E42-7749-411E-9155-3E3CC5341AD4} = {F3B22737-223D-477D-81E8-4567A32C55DF}
		{85A24997-3C47-4379-B46B-2264F7551F0B} = {8220EB2D-64B3-43ED-937F-F254ABD57B1C}
		{D23C7C3D-6530-4915-8404-21585E8879B9} = {FE0759CC-A294-47E9-85FC-B627A04C6C5C}
		{930B0089-19CF-425D-B204-EEC1693B3270} = {0557FB61-4E09-49B9-9816-1B5A4563CF31}
	EndGlobalSection
EndGlobal
