
Microsoft Visual Studio Solution File, Format Version 12.00
# Visual Studio Version 17
VisualStudioVersion = 17.0.31903.59
MinimumVisualStudioVersion = 10.0.40219.1
Project("{2150E333-8FDC-42A3-9474-1A3956D46DE8}") = "AsyncAwait-Task-Trial", "AsyncAwait-Task-Trial", "{45DD16F2-3E92-4B63-91DF-F57ABEC16E12}"
EndProject
Project("{FAE04EC0-301F-11D3-BF4B-00C04F79EFBC}") = "AsyncAwait-Task-Trial", "AsyncAwait-Task-Trial\AsyncAwait-Task-Trial\AsyncAwait-Task-Trial.csproj", "{0325256B-A202-4E45-ADD0-85D1C22391AD}"
EndProject
Project("{2150E333-8FDC-42A3-9474-1A3956D46DE8}") = "Generic Tasks", "Generic Tasks", "{000AA497-B986-4ECC-99B3-4D5531AB4089}"
EndProject
Project("{FAE04EC0-301F-11D3-BF4B-00C04F79EFBC}") = "Generic Tasks", "Generic Tasks\Generic Tasks\Generic Tasks.csproj", "{6A4E9D67-567A-4DBC-90ED-781A295DC793}"
EndProject
Project("{2150E333-8FDC-42A3-9474-1A3956D46DE8}") = "Cancellation Token", "Cancellation Token", "{7BB5251C-6622-4F03-B601-7CF49D60886E}"
EndProject
Project("{FAE04EC0-301F-11D3-BF4B-00C04F79EFBC}") = "Cancellation Token", "Cancellation Token\Cancellation Token\Cancellation Token.csproj", "{9AEBF807-F354-4080-AB7E-CD34AEAFCA0F}"
EndProject
Project("{2150E333-8FDC-42A3-9474-1A3956D46DE8}") = "Lock Function", "Lock Function", "{769B8D36-A664-4A5D-9C18-705863D11CD8}"
EndProject
Project("{FAE04EC0-301F-11D3-BF4B-00C04F79EFBC}") = "Lock Function", "Lock Function\Lock Function\Lock Function.csproj", "{8710A7EF-49D1-4320-AB6A-EE59CA3E932C}"
EndProject
Project("{2150E333-8FDC-42A3-9474-1A3956D46DE8}") = "Semaphore", "Semaphore", "{65A06609-DC04-4E10-8654-9A6745B50A3D}"
EndProject
Project("{FAE04EC0-301F-11D3-BF4B-00C04F79EFBC}") = "Semaphore", "Semaphore\Semaphore\Semaphore.csproj", "{39259E4A-DE86-4CC9-9FFA-3D43F1262EDE}"
EndProject
Project("{2150E333-8FDC-42A3-9474-1A3956D46DE8}") = "Auto Reset", "Auto Reset", "{4977A84D-1EDD-4D8D-BB31-9364BC47E6FD}"
EndProject
Project("{FAE04EC0-301F-11D3-BF4B-00C04F79EFBC}") = "AutoResetEvent", "Auto Reset\AutoResetEvent\AutoResetEvent.csproj", "{DEC935C2-9A0D-48A4-9770-FD3A86DAE04F}"
EndProject
Global
	GlobalSection(SolutionConfigurationPlatforms) = preSolution
		Debug|Any CPU = Debug|Any CPU
		Release|Any CPU = Release|Any CPU
	EndGlobalSection
	GlobalSection(SolutionProperties) = preSolution
		HideSolutionNode = FALSE
	EndGlobalSection
	GlobalSection(ProjectConfigurationPlatforms) = postSolution
		{0325256B-A202-4E45-ADD0-85D1C22391AD}.Debug|Any CPU.ActiveCfg = Debug|Any CPU
		{0325256B-A202-4E45-ADD0-85D1C22391AD}.Debug|Any CPU.Build.0 = Debug|Any CPU
		{0325256B-A202-4E45-ADD0-85D1C22391AD}.Release|Any CPU.ActiveCfg = Release|Any CPU
		{0325256B-A202-4E45-ADD0-85D1C22391AD}.Release|Any CPU.Build.0 = Release|Any CPU
		{6A4E9D67-567A-4DBC-90ED-781A295DC793}.Debug|Any CPU.ActiveCfg = Debug|Any CPU
		{6A4E9D67-567A-4DBC-90ED-781A295DC793}.Debug|Any CPU.Build.0 = Debug|Any CPU
		{6A4E9D67-567A-4DBC-90ED-781A295DC793}.Release|Any CPU.ActiveCfg = Release|Any CPU
		{6A4E9D67-567A-4DBC-90ED-781A295DC793}.Release|Any CPU.Build.0 = Release|Any CPU
		{9AEBF807-F354-4080-AB7E-CD34AEAFCA0F}.Debug|Any CPU.ActiveCfg = Debug|Any CPU
		{9AEBF807-F354-4080-AB7E-CD34AEAFCA0F}.Debug|Any CPU.Build.0 = Debug|Any CPU
		{9AEBF807-F354-4080-AB7E-CD34AEAFCA0F}.Release|Any CPU.ActiveCfg = Release|Any CPU
		{9AEBF807-F354-4080-AB7E-CD34AEAFCA0F}.Release|Any CPU.Build.0 = Release|Any CPU
		{8710A7EF-49D1-4320-AB6A-EE59CA3E932C}.Debug|Any CPU.ActiveCfg = Debug|Any CPU
		{8710A7EF-49D1-4320-AB6A-EE59CA3E932C}.Debug|Any CPU.Build.0 = Debug|Any CPU
		{8710A7EF-49D1-4320-AB6A-EE59CA3E932C}.Release|Any CPU.ActiveCfg = Release|Any CPU
		{8710A7EF-49D1-4320-AB6A-EE59CA3E932C}.Release|Any CPU.Build.0 = Release|Any CPU
		{39259E4A-DE86-4CC9-9FFA-3D43F1262EDE}.Debug|Any CPU.ActiveCfg = Debug|Any CPU
		{39259E4A-DE86-4CC9-9FFA-3D43F1262EDE}.Debug|Any CPU.Build.0 = Debug|Any CPU
		{39259E4A-DE86-4CC9-9FFA-3D43F1262EDE}.Release|Any CPU.ActiveCfg = Release|Any CPU
		{39259E4A-DE86-4CC9-9FFA-3D43F1262EDE}.Release|Any CPU.Build.0 = Release|Any CPU
		{DEC935C2-9A0D-48A4-9770-FD3A86DAE04F}.Debug|Any CPU.ActiveCfg = Debug|Any CPU
		{DEC935C2-9A0D-48A4-9770-FD3A86DAE04F}.Debug|Any CPU.Build.0 = Debug|Any CPU
		{DEC935C2-9A0D-48A4-9770-FD3A86DAE04F}.Release|Any CPU.ActiveCfg = Release|Any CPU
		{DEC935C2-9A0D-48A4-9770-FD3A86DAE04F}.Release|Any CPU.Build.0 = Release|Any CPU
	EndGlobalSection
	GlobalSection(NestedProjects) = preSolution
		{0325256B-A202-4E45-ADD0-85D1C22391AD} = {45DD16F2-3E92-4B63-91DF-F57ABEC16E12}
		{6A4E9D67-567A-4DBC-90ED-781A295DC793} = {000AA497-B986-4ECC-99B3-4D5531AB4089}
		{9AEBF807-F354-4080-AB7E-CD34AEAFCA0F} = {7BB5251C-6622-4F03-B601-7CF49D60886E}
		{8710A7EF-49D1-4320-AB6A-EE59CA3E932C} = {769B8D36-A664-4A5D-9C18-705863D11CD8}
		{39259E4A-DE86-4CC9-9FFA-3D43F1262EDE} = {65A06609-DC04-4E10-8654-9A6745B50A3D}
		{DEC935C2-9A0D-48A4-9770-FD3A86DAE04F} = {4977A84D-1EDD-4D8D-BB31-9364BC47E6FD}
	EndGlobalSection
EndGlobal
